Microsoft Visual Studio Solution File, Format Version 12.00
# Visual Studio 15
Project("{2150E333-8FDC-42A3-9474-1A3956D46DE8}") = "AutoGemm", "AutoGemm", "{8C0E3FE5-B853-392B-BC73-686E48CE138E}"
EndProject
Project("{2150E333-8FDC-42A3-9474-1A3956D46DE8}") = "CMakePredefinedTargets", "CMakePredefinedTargets", "{1C91E98A-CA0A-3AD0-B1F2-5902E3538932}"
EndProject
Project("{2150E333-8FDC-42A3-9474-1A3956D46DE8}") = "ExternalProjectTargets", "ExternalProjectTargets", "{A473A82A-E268-3DB1-8C9F-D979BA27839C}"
EndProject
Project("{2150E333-8FDC-42A3-9474-1A3956D46DE8}") = "gtest-external", "ExternalProjectTargets\gtest-external", "{215E5D06-551D-3E5F-8DC8-F99BA3E04EBD}"
EndProject
Project("{2150E333-8FDC-42A3-9474-1A3956D46DE8}") = "tplgen", "ExternalProjectTargets\tplgen", "{1878F179-FBAD-351E-AE85-C6B3D04B16D4}"
EndProject
Project("{2150E333-8FDC-42A3-9474-1A3956D46DE8}") = "Test", "Test", "{EF7FC391-A339-304C-B3B2-39E761DC6A5F}"
EndProject
Project("{8BC9CEB8-8B4A-11D0-8D11-00A0C91BC942}") = "ALL_BUILD", "ALL_BUILD.vcxproj", "{C866BFF7-BADB-3BAE-8081-0628A9BE938B}"
	ProjectSection(ProjectDependencies) = postProject
		{6F5DE493-B27D-3EDF-91E6-AC848AA805F2} = {6F5DE493-B27D-3EDF-91E6-AC848AA805F2}
		{F4AA849F-C4CC-3944-9D71-53CC83426342} = {F4AA849F-C4CC-3944-9D71-53CC83426342}
		{C5E6A8FE-3EA6-3F66-B516-CF1AA7BC8AB5} = {C5E6A8FE-3EA6-3F66-B516-CF1AA7BC8AB5}
		{D213B11D-AA57-3A0F-90D1-4346491DB4A6} = {D213B11D-AA57-3A0F-90D1-4346491DB4A6}
		{606DE2A6-6C2A-3FF9-9EB7-28E2102CEA85} = {606DE2A6-6C2A-3FF9-9EB7-28E2102CEA85}
		{A2E01717-3A0E-33FE-8582-B34610924C7E} = {A2E01717-3A0E-33FE-8582-B34610924C7E}
		{B78CD7DB-974E-3070-B747-CFEAAF3751C7} = {B78CD7DB-974E-3070-B747-CFEAAF3751C7}
		{7F34AE59-F49B-3092-9356-946468E72262} = {7F34AE59-F49B-3092-9356-946468E72262}
		{F684D8E4-AC25-3D57-84B9-E7F9146CACFC} = {F684D8E4-AC25-3D57-84B9-E7F9146CACFC}
	EndProjectSection
EndProject
Project("{8BC9CEB8-8B4A-11D0-8D11-00A0C91BC942}") = "AutoGemm_Tools_Profile", "library\AutoGemm_Tools_Profile.vcxproj", "{B52464F1-71B2-346C-A674-A6AB4D9E89A9}"
	ProjectSection(ProjectDependencies) = postProject
		{6F5DE493-B27D-3EDF-91E6-AC848AA805F2} = {6F5DE493-B27D-3EDF-91E6-AC848AA805F2}
	EndProjectSection
EndProject
Project("{8BC9CEB8-8B4A-11D0-8D11-00A0C91BC942}") = "AutoGemm_Tools_Test", "library\AutoGemm_Tools_Test.vcxproj", "{922F8D2C-97E3-31A7-A6C5-CAE4090A5BBD}"
	ProjectSection(ProjectDependencies) = postProject
		{6F5DE493-B27D-3EDF-91E6-AC848AA805F2} = {6F5DE493-B27D-3EDF-91E6-AC848AA805F2}
	EndProjectSection
EndProject
Project("{8BC9CEB8-8B4A-11D0-8D11-00A0C91BC942}") = "GENERATE_CLT", "library\GENERATE_CLT.vcxproj", "{9B4F073F-7314-3C68-A5BB-22F05ECE27EE}"
	ProjectSection(ProjectDependencies) = postProject
		{6F5DE493-B27D-3EDF-91E6-AC848AA805F2} = {6F5DE493-B27D-3EDF-91E6-AC848AA805F2}
		{7F34AE59-F49B-3092-9356-946468E72262} = {7F34AE59-F49B-3092-9356-946468E72262}
	EndProjectSection
EndProject
Project("{8BC9CEB8-8B4A-11D0-8D11-00A0C91BC942}") = "INSTALL", "INSTALL.vcxproj", "{1D4CC612-991E-3374-A90D-5861D77EAAC5}"
	ProjectSection(ProjectDependencies) = postProject
		{C866BFF7-BADB-3BAE-8081-0628A9BE938B} = {C866BFF7-BADB-3BAE-8081-0628A9BE938B}
		{6F5DE493-B27D-3EDF-91E6-AC848AA805F2} = {6F5DE493-B27D-3EDF-91E6-AC848AA805F2}
	EndProjectSection
EndProject
Project("{8BC9CEB8-8B4A-11D0-8D11-00A0C91BC942}") = "PACKAGE", "PACKAGE.vcxproj", "{66BD080F-7483-38D7-9B0E-B9E40C3335C4}"
	ProjectSection(ProjectDependencies) = postProject
		{C866BFF7-BADB-3BAE-8081-0628A9BE938B} = {C866BFF7-BADB-3BAE-8081-0628A9BE938B}
		{6F5DE493-B27D-3EDF-91E6-AC848AA805F2} = {6F5DE493-B27D-3EDF-91E6-AC848AA805F2}
	EndProjectSection
EndProject
Project("{8BC9CEB8-8B4A-11D0-8D11-00A0C91BC942}") = "ZERO_CHECK", "ZERO_CHECK.vcxproj", "{6F5DE493-B27D-3EDF-91E6-AC848AA805F2}"
	ProjectSection(ProjectDependencies) = postProject
	EndProjectSection
EndProject
Project("{8BC9CEB8-8B4A-11D0-8D11-00A0C91BC942}") = "clBLAS", "library\clBLAS.vcxproj", "{F4AA849F-C4CC-3944-9D71-53CC83426342}"
	ProjectSection(ProjectDependencies) = postProject
		{9B4F073F-7314-3C68-A5BB-22F05ECE27EE} = {9B4F073F-7314-3C68-A5BB-22F05ECE27EE}
		{6F5DE493-B27D-3EDF-91E6-AC848AA805F2} = {6F5DE493-B27D-3EDF-91E6-AC848AA805F2}
	EndProjectSection
EndProject
Project("{8BC9CEB8-8B4A-11D0-8D11-00A0C91BC942}") = "gtest-external", "tests\gtest-external.vcxproj", "{C5E6A8FE-3EA6-3F66-B516-CF1AA7BC8AB5}"
	ProjectSection(ProjectDependencies) = postProject
		{6F5DE493-B27D-3EDF-91E6-AC848AA805F2} = {6F5DE493-B27D-3EDF-91E6-AC848AA805F2}
	EndProjectSection
EndProject
Project("{8BC9CEB8-8B4A-11D0-8D11-00A0C91BC942}") = "test-correctness", "tests\test-correctness.vcxproj", "{D213B11D-AA57-3A0F-90D1-4346491DB4A6}"
	ProjectSection(ProjectDependencies) = postProject
		{6F5DE493-B27D-3EDF-91E6-AC848AA805F2} = {6F5DE493-B27D-3EDF-91E6-AC848AA805F2}
		{F4AA849F-C4CC-3944-9D71-53CC83426342} = {F4AA849F-C4CC-3944-9D71-53CC83426342}
		{C5E6A8FE-3EA6-3F66-B516-CF1AA7BC8AB5} = {C5E6A8FE-3EA6-3F66-B516-CF1AA7BC8AB5}
	EndProjectSection
EndProject
Project("{8BC9CEB8-8B4A-11D0-8D11-00A0C91BC942}") = "test-functional", "tests\test-functional.vcxproj", "{606DE2A6-6C2A-3FF9-9EB7-28E2102CEA85}"
	ProjectSection(ProjectDependencies) = postProject
		{6F5DE493-B27D-3EDF-91E6-AC848AA805F2} = {6F5DE493-B27D-3EDF-91E6-AC848AA805F2}
		{F4AA849F-C4CC-3944-9D71-53CC83426342} = {F4AA849F-C4CC-3944-9D71-53CC83426342}
		{C5E6A8FE-3EA6-3F66-B516-CF1AA7BC8AB5} = {C5E6A8FE-3EA6-3F66-B516-CF1AA7BC8AB5}
	EndProjectSection
EndProject
Project("{8BC9CEB8-8B4A-11D0-8D11-00A0C91BC942}") = "test-medium", "tests\test-medium.vcxproj", "{A2E01717-3A0E-33FE-8582-B34610924C7E}"
	ProjectSection(ProjectDependencies) = postProject
		{6F5DE493-B27D-3EDF-91E6-AC848AA805F2} = {6F5DE493-B27D-3EDF-91E6-AC848AA805F2}
		{F4AA849F-C4CC-3944-9D71-53CC83426342} = {F4AA849F-C4CC-3944-9D71-53CC83426342}
		{C5E6A8FE-3EA6-3F66-B516-CF1AA7BC8AB5} = {C5E6A8FE-3EA6-3F66-B516-CF1AA7BC8AB5}
	EndProjectSection
EndProject
Project("{8BC9CEB8-8B4A-11D0-8D11-00A0C91BC942}") = "test-short", "tests\test-short.vcxproj", "{B78CD7DB-974E-3070-B747-CFEAAF3751C7}"
	ProjectSection(ProjectDependencies) = postProject
		{6F5DE493-B27D-3EDF-91E6-AC848AA805F2} = {6F5DE493-B27D-3EDF-91E6-AC848AA805F2}
		{F4AA849F-C4CC-3944-9D71-53CC83426342} = {F4AA849F-C4CC-3944-9D71-53CC83426342}
		{C5E6A8FE-3EA6-3F66-B516-CF1AA7BC8AB5} = {C5E6A8FE-3EA6-3F66-B516-CF1AA7BC8AB5}
	EndProjectSection
EndProject
Project("{8BC9CEB8-8B4A-11D0-8D11-00A0C91BC942}") = "tplgen", "library\tplgen.vcxproj", "{7F34AE59-F49B-3092-9356-946468E72262}"
	ProjectSection(ProjectDependencies) = postProject
		{6F5DE493-B27D-3EDF-91E6-AC848AA805F2} = {6F5DE493-B27D-3EDF-91E6-AC848AA805F2}
	EndProjectSection
EndProject
Project("{8BC9CEB8-8B4A-11D0-8D11-00A0C91BC942}") = "tune", "library\tools\tune\tune.vcxproj", "{F684D8E4-AC25-3D57-84B9-E7F9146CACFC}"
	ProjectSection(ProjectDependencies) = postProject
		{9B4F073F-7314-3C68-A5BB-22F05ECE27EE} = {9B4F073F-7314-3C68-A5BB-22F05ECE27EE}
		{6F5DE493-B27D-3EDF-91E6-AC848AA805F2} = {6F5DE493-B27D-3EDF-91E6-AC848AA805F2}
	EndProjectSection
EndProject
Global
	GlobalSection(SolutionConfigurationPlatforms) = preSolution
		Debug|Win32 = Debug|Win32
		Release|Win32 = Release|Win32
		MinSizeRel|Win32 = MinSizeRel|Win32
		RelWithDebInfo|Win32 = RelWithDebInfo|Win32
	EndGlobalSection
	GlobalSection(ProjectConfigurationPlatforms) = postSolution
		{C866BFF7-BADB-3BAE-8081-0628A9BE938B}.Debug|Win32.ActiveCfg = Debug|Win32
		{C866BFF7-BADB-3BAE-8081-0628A9BE938B}.Debug|Win32.Build.0 = Debug|Win32
		{C866BFF7-BADB-3BAE-8081-0628A9BE938B}.Release|Win32.ActiveCfg = Release|Win32
		{C866BFF7-BADB-3BAE-8081-0628A9BE938B}.Release|Win32.Build.0 = Release|Win32
		{C866BFF7-BADB-3BAE-8081-0628A9BE938B}.MinSizeRel|Win32.ActiveCfg = MinSizeRel|Win32
		{C866BFF7-BADB-3BAE-8081-0628A9BE938B}.MinSizeRel|Win32.Build.0 = MinSizeRel|Win32
		{C866BFF7-BADB-3BAE-8081-0628A9BE938B}.RelWithDebInfo|Win32.ActiveCfg = RelWithDebInfo|Win32
		{C866BFF7-BADB-3BAE-8081-0628A9BE938B}.RelWithDebInfo|Win32.Build.0 = RelWithDebInfo|Win32
		{B52464F1-71B2-346C-A674-A6AB4D9E89A9}.Debug|Win32.ActiveCfg = Debug|Win32
		{B52464F1-71B2-346C-A674-A6AB4D9E89A9}.Release|Win32.ActiveCfg = Release|Win32
		{B52464F1-71B2-346C-A674-A6AB4D9E89A9}.MinSizeRel|Win32.ActiveCfg = MinSizeRel|Win32
		{B52464F1-71B2-346C-A674-A6AB4D9E89A9}.RelWithDebInfo|Win32.ActiveCfg = RelWithDebInfo|Win32
		{922F8D2C-97E3-31A7-A6C5-CAE4090A5BBD}.Debug|Win32.ActiveCfg = Debug|Win32
		{922F8D2C-97E3-31A7-A6C5-CAE4090A5BBD}.Release|Win32.ActiveCfg = Release|Win32
		{922F8D2C-97E3-31A7-A6C5-CAE4090A5BBD}.MinSizeRel|Win32.ActiveCfg = MinSizeRel|Win32
		{922F8D2C-97E3-31A7-A6C5-CAE4090A5BBD}.RelWithDebInfo|Win32.ActiveCfg = RelWithDebInfo|Win32
		{9B4F073F-7314-3C68-A5BB-22F05ECE27EE}.Debug|Win32.ActiveCfg = Debug|Win32
		{9B4F073F-7314-3C68-A5BB-22F05ECE27EE}.Debug|Win32.Build.0 = Debug|Win32
		{9B4F073F-7314-3C68-A5BB-22F05ECE27EE}.Release|Win32.ActiveCfg = Release|Win32
		{9B4F073F-7314-3C68-A5BB-22F05ECE27EE}.Release|Win32.Build.0 = Release|Win32
		{9B4F073F-7314-3C68-A5BB-22F05ECE27EE}.MinSizeRel|Win32.ActiveCfg = MinSizeRel|Win32
		{9B4F073F-7314-3C68-A5BB-22F05ECE27EE}.MinSizeRel|Win32.Build.0 = MinSizeRel|Win32
		{9B4F073F-7314-3C68-A5BB-22F05ECE27EE}.RelWithDebInfo|Win32.ActiveCfg = RelWithDebInfo|Win32
		{9B4F073F-7314-3C68-A5BB-22F05ECE27EE}.RelWithDebInfo|Win32.Build.0 = RelWithDebInfo|Win32
		{1D4CC612-991E-3374-A90D-5861D77EAAC5}.Debug|Win32.ActiveCfg = Debug|Win32
		{1D4CC612-991E-3374-A90D-5861D77EAAC5}.Release|Win32.ActiveCfg = Release|Win32
		{1D4CC612-991E-3374-A90D-5861D77EAAC5}.MinSizeRel|Win32.ActiveCfg = MinSizeRel|Win32
		{1D4CC612-991E-3374-A90D-5861D77EAAC5}.RelWithDebInfo|Win32.ActiveCfg = RelWithDebInfo|Win32
		{66BD080F-7483-38D7-9B0E-B9E40C3335C4}.Debug|Win32.ActiveCfg = Debug|Win32
		{66BD080F-7483-38D7-9B0E-B9E40C3335C4}.Release|Win32.ActiveCfg = Release|Win32
		{66BD080F-7483-38D7-9B0E-B9E40C3335C4}.MinSizeRel|Win32.ActiveCfg = MinSizeRel|Win32
		{66BD080F-7483-38D7-9B0E-B9E40C3335C4}.RelWithDebInfo|Win32.ActiveCfg = RelWithDebInfo|Win32
		{6F5DE493-B27D-3EDF-91E6-AC848AA805F2}.Debug|Win32.ActiveCfg = Debug|Win32
		{6F5DE493-B27D-3EDF-91E6-AC848AA805F2}.Debug|Win32.Build.0 = Debug|Win32
		{6F5DE493-B27D-3EDF-91E6-AC848AA805F2}.Release|Win32.ActiveCfg = Release|Win32
		{6F5DE493-B27D-3EDF-91E6-AC848AA805F2}.Release|Win32.Build.0 = Release|Win32
		{6F5DE493-B27D-3EDF-91E6-AC848AA805F2}.MinSizeRel|Win32.ActiveCfg = MinSizeRel|Win32
		{6F5DE493-B27D-3EDF-91E6-AC848AA805F2}.MinSizeRel|Win32.Build.0 = MinSizeRel|Win32
		{6F5DE493-B27D-3EDF-91E6-AC848AA805F2}.RelWithDebInfo|Win32.ActiveCfg = RelWithDebInfo|Win32
		{6F5DE493-B27D-3EDF-91E6-AC848AA805F2}.RelWithDebInfo|Win32.Build.0 = RelWithDebInfo|Win32
		{F4AA849F-C4CC-3944-9D71-53CC83426342}.Debug|Win32.ActiveCfg = Debug|Win32
		{F4AA849F-C4CC-3944-9D71-53CC83426342}.Debug|Win32.Build.0 = Debug|Win32
		{F4AA849F-C4CC-3944-9D71-53CC83426342}.Release|Win32.ActiveCfg = Release|Win32
		{F4AA849F-C4CC-3944-9D71-53CC83426342}.Release|Win32.Build.0 = Release|Win32
		{F4AA849F-C4CC-3944-9D71-53CC83426342}.MinSizeRel|Win32.ActiveCfg = MinSizeRel|Win32
		{F4AA849F-C4CC-3944-9D71-53CC83426342}.MinSizeRel|Win32.Build.0 = MinSizeRel|Win32
		{F4AA849F-C4CC-3944-9D71-53CC83426342}.RelWithDebInfo|Win32.ActiveCfg = RelWithDebInfo|Win32
		{F4AA849F-C4CC-3944-9D71-53CC83426342}.RelWithDebInfo|Win32.Build.0 = RelWithDebInfo|Win32
		{C5E6A8FE-3EA6-3F66-B516-CF1AA7BC8AB5}.Debug|Win32.ActiveCfg = Debug|Win32
		{C5E6A8FE-3EA6-3F66-B516-CF1AA7BC8AB5}.Debug|Win32.Build.0 = Debug|Win32
		{C5E6A8FE-3EA6-3F66-B516-CF1AA7BC8AB5}.Release|Win32.ActiveCfg = Release|Win32
		{C5E6A8FE-3EA6-3F66-B516-CF1AA7BC8AB5}.Release|Win32.Build.0 = Release|Win32
		{C5E6A8FE-3EA6-3F66-B516-CF1AA7BC8AB5}.MinSizeRel|Win32.ActiveCfg = MinSizeRel|Win32
		{C5E6A8FE-3EA6-3F66-B516-CF1AA7BC8AB5}.MinSizeRel|Win32.Build.0 = MinSizeRel|Win32
		{C5E6A8FE-3EA6-3F66-B516-CF1AA7BC8AB5}.RelWithDebInfo|Win32.ActiveCfg = RelWithDebInfo|Win32
		{C5E6A8FE-3EA6-3F66-B516-CF1AA7BC8AB5}.RelWithDebInfo|Win32.Build.0 = RelWithDebInfo|Win32
		{D213B11D-AA57-3A0F-90D1-4346491DB4A6}.Debug|Win32.ActiveCfg = Debug|Win32
		{D213B11D-AA57-3A0F-90D1-4346491DB4A6}.Debug|Win32.Build.0 = Debug|Win32
		{D213B11D-AA57-3A0F-90D1-4346491DB4A6}.Release|Win32.ActiveCfg = Release|Win32
		{D213B11D-AA57-3A0F-90D1-4346491DB4A6}.Release|Win32.Build.0 = Release|Win32
		{D213B11D-AA57-3A0F-90D1-4346491DB4A6}.MinSizeRel|Win32.ActiveCfg = MinSizeRel|Win32
		{D213B11D-AA57-3A0F-90D1-4346491DB4A6}.MinSizeRel|Win32.Build.0 = MinSizeRel|Win32
		{D213B11D-AA57-3A0F-90D1-4346491DB4A6}.RelWithDebInfo|Win32.ActiveCfg = RelWithDebInfo|Win32
		{D213B11D-AA57-3A0F-90D1-4346491DB4A6}.RelWithDebInfo|Win32.Build.0 = RelWithDebInfo|Win32
		{606DE2A6-6C2A-3FF9-9EB7-28E2102CEA85}.Debug|Win32.ActiveCfg = Debug|Win32
		{606DE2A6-6C2A-3FF9-9EB7-28E2102CEA85}.Debug|Win32.Build.0 = Debug|Win32
		{606DE2A6-6C2A-3FF9-9EB7-28E2102CEA85}.Release|Win32.ActiveCfg = Release|Win32
		{606DE2A6-6C2A-3FF9-9EB7-28E2102CEA85}.Release|Win32.Build.0 = Release|Win32
		{606DE2A6-6C2A-3FF9-9EB7-28E2102CEA85}.MinSizeRel|Win32.ActiveCfg = MinSizeRel|Win32
		{606DE2A6-6C2A-3FF9-9EB7-28E2102CEA85}.MinSizeRel|Win32.Build.0 = MinSizeRel|Win32
		{606DE2A6-6C2A-3FF9-9EB7-28E2102CEA85}.RelWithDebInfo|Win32.ActiveCfg = RelWithDebInfo|Win32
		{606DE2A6-6C2A-3FF9-9EB7-28E2102CEA85}.RelWithDebInfo|Win32.Build.0 = RelWithDebInfo|Win32
		{A2E01717-3A0E-33FE-8582-B34610924C7E}.Debug|Win32.ActiveCfg = Debug|Win32
		{A2E01717-3A0E-33FE-8582-B34610924C7E}.Debug|Win32.Build.0 = Debug|Win32
		{A2E01717-3A0E-33FE-8582-B34610924C7E}.Release|Win32.ActiveCfg = Release|Win32
		{A2E01717-3A0E-33FE-8582-B34610924C7E}.Release|Win32.Build.0 = Release|Win32
		{A2E01717-3A0E-33FE-8582-B34610924C7E}.MinSizeRel|Win32.ActiveCfg = MinSizeRel|Win32
		{A2E01717-3A0E-33FE-8582-B34610924C7E}.MinSizeRel|Win32.Build.0 = MinSizeRel|Win32
		{A2E01717-3A0E-33FE-8582-B34610924C7E}.RelWithDebInfo|Win32.ActiveCfg = RelWithDebInfo|Win32
		{A2E01717-3A0E-33FE-8582-B34610924C7E}.RelWithDebInfo|Win32.Build.0 = RelWithDebInfo|Win32
		{B78CD7DB-974E-3070-B747-CFEAAF3751C7}.Debug|Win32.ActiveCfg = Debug|Win32
		{B78CD7DB-974E-3070-B747-CFEAAF3751C7}.Debug|Win32.Build.0 = Debug|Win32
		{B78CD7DB-974E-3070-B747-CFEAAF3751C7}.Release|Win32.ActiveCfg = Release|Win32
		{B78CD7DB-974E-3070-B747-CFEAAF3751C7}.Release|Win32.Build.0 = Release|Win32
		{B78CD7DB-974E-3070-B747-CFEAAF3751C7}.MinSizeRel|Win32.ActiveCfg = MinSizeRel|Win32
		{B78CD7DB-974E-3070-B747-CFEAAF3751C7}.MinSizeRel|Win32.Build.0 = MinSizeRel|Win32
		{B78CD7DB-974E-3070-B747-CFEAAF3751C7}.RelWithDebInfo|Win32.ActiveCfg = RelWithDebInfo|Win32
		{B78CD7DB-974E-3070-B747-CFEAAF3751C7}.RelWithDebInfo|Win32.Build.0 = RelWithDebInfo|Win32
		{7F34AE59-F49B-3092-9356-946468E72262}.Debug|Win32.ActiveCfg = Debug|Win32
		{7F34AE59-F49B-3092-9356-946468E72262}.Debug|Win32.Build.0 = Debug|Win32
		{7F34AE59-F49B-3092-9356-946468E72262}.Release|Win32.ActiveCfg = Release|Win32
		{7F34AE59-F49B-3092-9356-946468E72262}.Release|Win32.Build.0 = Release|Win32
		{7F34AE59-F49B-3092-9356-946468E72262}.MinSizeRel|Win32.ActiveCfg = MinSizeRel|Win32
		{7F34AE59-F49B-3092-9356-946468E72262}.MinSizeRel|Win32.Build.0 = MinSizeRel|Win32
		{7F34AE59-F49B-3092-9356-946468E72262}.RelWithDebInfo|Win32.ActiveCfg = RelWithDebInfo|Win32
		{7F34AE59-F49B-3092-9356-946468E72262}.RelWithDebInfo|Win32.Build.0 = RelWithDebInfo|Win32
		{F684D8E4-AC25-3D57-84B9-E7F9146CACFC}.Debug|Win32.ActiveCfg = Debug|Win32
		{F684D8E4-AC25-3D57-84B9-E7F9146CACFC}.Debug|Win32.Build.0 = Debug|Win32
		{F684D8E4-AC25-3D57-84B9-E7F9146CACFC}.Release|Win32.ActiveCfg = Release|Win32
		{F684D8E4-AC25-3D57-84B9-E7F9146CACFC}.Release|Win32.Build.0 = Release|Win32
		{F684D8E4-AC25-3D57-84B9-E7F9146CACFC}.MinSizeRel|Win32.ActiveCfg = MinSizeRel|Win32
		{F684D8E4-AC25-3D57-84B9-E7F9146CACFC}.MinSizeRel|Win32.Build.0 = MinSizeRel|Win32
		{F684D8E4-AC25-3D57-84B9-E7F9146CACFC}.RelWithDebInfo|Win32.ActiveCfg = RelWithDebInfo|Win32
		{F684D8E4-AC25-3D57-84B9-E7F9146CACFC}.RelWithDebInfo|Win32.Build.0 = RelWithDebInfo|Win32
	EndGlobalSection
	GlobalSection(NestedProjects) = preSolution
		{B52464F1-71B2-346C-A674-A6AB4D9E89A9} = {8C0E3FE5-B853-392B-BC73-686E48CE138E}
		{922F8D2C-97E3-31A7-A6C5-CAE4090A5BBD} = {8C0E3FE5-B853-392B-BC73-686E48CE138E}
		{C866BFF7-BADB-3BAE-8081-0628A9BE938B} = {1C91E98A-CA0A-3AD0-B1F2-5902E3538932}
		{1D4CC612-991E-3374-A90D-5861D77EAAC5} = {1C91E98A-CA0A-3AD0-B1F2-5902E3538932}
		{66BD080F-7483-38D7-9B0E-B9E40C3335C4} = {1C91E98A-CA0A-3AD0-B1F2-5902E3538932}
		{6F5DE493-B27D-3EDF-91E6-AC848AA805F2} = {1C91E98A-CA0A-3AD0-B1F2-5902E3538932}
		{215E5D06-551D-3E5F-8DC8-F99BA3E04EBD} = {A473A82A-E268-3DB1-8C9F-D979BA27839C}
		{1878F179-FBAD-351E-AE85-C6B3D04B16D4} = {A473A82A-E268-3DB1-8C9F-D979BA27839C}
		{C5E6A8FE-3EA6-3F66-B516-CF1AA7BC8AB5} = {215E5D06-551D-3E5F-8DC8-F99BA3E04EBD}
		{7F34AE59-F49B-3092-9356-946468E72262} = {1878F179-FBAD-351E-AE85-C6B3D04B16D4}
		{D213B11D-AA57-3A0F-90D1-4346491DB4A6} = {EF7FC391-A339-304C-B3B2-39E761DC6A5F}
		{606DE2A6-6C2A-3FF9-9EB7-28E2102CEA85} = {EF7FC391-A339-304C-B3B2-39E761DC6A5F}
		{A2E01717-3A0E-33FE-8582-B34610924C7E} = {EF7FC391-A339-304C-B3B2-39E761DC6A5F}
		{B78CD7DB-974E-3070-B747-CFEAAF3751C7} = {EF7FC391-A339-304C-B3B2-39E761DC6A5F}
	EndGlobalSection
	GlobalSection(ExtensibilityGlobals) = postSolution
		SolutionGuid = {1184B80D-F517-3929-8912-F175F97007E9}
	EndGlobalSection
	GlobalSection(ExtensibilityAddIns) = postSolution
	EndGlobalSection
EndGlobal
